
Microsoft Visual Studio Solution File, Format Version 12.00
# Visual Studio Version 17
VisualStudioVersion = 17.8.34511.84
MinimumVisualStudioVersion = 10.0.40219.1
Project("{FAE04EC0-301F-11D3-BF4B-00C04F79EFBC}") = "ST_AI_MusicShop2", "ST_AI_MusicShop2\ST_AI_MusicShop2.csproj", "{7C120DE2-64DF-4CF6-8E76-C78840E4857E}"
EndProject
Global
	GlobalSection(SolutionConfigurationPlatforms) = preSolution
		Debug|Any CPU = Debug|Any CPU
		Release|Any CPU = Release|Any CPU
	EndGlobalSection
	GlobalSection(ProjectConfigurationPlatforms) = postSolution
		{7C120DE2-64DF-4CF6-8E76-C78840E4857E}.Debug|Any CPU.ActiveCfg = Debug|Any CPU
		{7C120DE2-64DF-4CF6-8E76-C78840E4857E}.Debug|Any CPU.Build.0 = Debug|Any CPU
		{7C120DE2-64DF-4CF6-8E76-C78840E4857E}.Release|Any CPU.ActiveCfg = Release|Any CPU
		{7C120DE2-64DF-4CF6-8E76-C78840E4857E}.Release|Any CPU.Build.0 = Release|Any CPU
	EndGlobalSection
	GlobalSection(SolutionProperties) = preSolution
		HideSolutionNode = FALSE
	EndGlobalSection
	GlobalSection(ExtensibilityGlobals) = postSolution
		SolutionGuid = {CDA7EADA-3154-4DB1-9A7D-B334199BAC79}
	EndGlobalSection
EndGlobal
